
Microsoft Visual Studio Solution File, Format Version 12.00
# Visual Studio Version 17
VisualStudioVersion = 17.14.36202.13 d17.14
MinimumVisualStudioVersion = 10.0.40219.1
Project("{FAE04EC0-301F-11D3-BF4B-00C04F79EFBC}") = "sgidam", "sgidam.csproj", "{096E5AD7-E8FC-470C-8356-927ED9C48ECA}"
EndProject
Global
	GlobalSection(SolutionConfigurationPlatforms) = preSolution
		Debug|Any CPU = Debug|Any CPU
		Release|Any CPU = Release|Any CPU
	EndGlobalSection
	GlobalSection(ProjectConfigurationPlatforms) = postSolution
		{096E5AD7-E8FC-470C-8356-927ED9C48ECA}.Debug|Any CPU.ActiveCfg = Debug|Any CPU
		{096E5AD7-E8FC-470C-8356-927ED9C48ECA}.Debug|Any CPU.Build.0 = Debug|Any CPU
		{096E5AD7-E8FC-470C-8356-927ED9C48ECA}.Release|Any CPU.ActiveCfg = Release|Any CPU
		{096E5AD7-E8FC-470C-8356-927ED9C48ECA}.Release|Any CPU.Build.0 = Release|Any CPU
	EndGlobalSection
	GlobalSection(SolutionProperties) = preSolution
		HideSolutionNode = FALSE
	EndGlobalSection
	GlobalSection(ExtensibilityGlobals) = postSolution
		SolutionGuid = {CEB7C658-648F-41E1-8F8D-006A7D1512E1}
	EndGlobalSection
EndGlobal
